// !$*UTF8*$!
{
	archiveVersion = 1;
	classes = {
	};
	objectVersion = 50;
	objects = {

/* Begin PBXBuildFile section */
		224ECB8D2544286A00EE8CEC /* SwiftUI_EnvironmentObject_LearnApp.swift in Sources */ = {isa = PBXBuildFile; fileRef = 224ECB8C2544286A00EE8CEC /* SwiftUI_EnvironmentObject_LearnApp.swift */; };
		224ECB8F2544286A00EE8CEC /* ContentView.swift in Sources */ = {isa = PBXBuildFile; fileRef = 224ECB8E2544286A00EE8CEC /* ContentView.swift */; };
		224ECB912544286B00EE8CEC /* Assets.xcassets in Resources */ = {isa = PBXBuildFile; fileRef = 224ECB902544286B00EE8CEC /* Assets.xcassets */; };
		224ECB942544286B00EE8CEC /* Preview Assets.xcassets in Resources */ = {isa = PBXBuildFile; fileRef = 224ECB932544286B00EE8CEC /* Preview Assets.xcassets */; };
		224ECB9E25442E5E00EE8CEC /* FlameTabView.swift in Sources */ = {isa = PBXBuildFile; fileRef = 224ECB9D25442E5E00EE8CEC /* FlameTabView.swift */; };
		224ECBA12544322800EE8CEC /* LeafTabView.swift in Sources */ = {isa = PBXBuildFile; fileRef = 224ECBA02544322800EE8CEC /* LeafTabView.swift */; };
		224ECBA42544376600EE8CEC /* Flame.swift in Sources */ = {isa = PBXBuildFile; fileRef = 224ECBA32544376600EE8CEC /* Flame.swift */; };
/* End PBXBuildFile section */

/* Begin PBXFileReference section */
		224ECB892544286A00EE8CEC /* SwiftUI-EnvironmentObject-Learn.app */ = {isa = PBXFileReference; explicitFileType = wrapper.application; includeInIndex = 0; path = "SwiftUI-EnvironmentObject-Learn.app"; sourceTree = BUILT_PRODUCTS_DIR; };
		224ECB8C2544286A00EE8CEC /* SwiftUI_EnvironmentObject_LearnApp.swift */ = {isa = PBXFileReference; lastKnownFileType = sourcecode.swift; path = SwiftUI_EnvironmentObject_LearnApp.swift; sourceTree = "<group>"; };
		224ECB8E2544286A00EE8CEC /* ContentView.swift */ = {isa = PBXFileReference; lastKnownFileType = sourcecode.swift; path = ContentView.swift; sourceTree = "<group>"; };
		224ECB902544286B00EE8CEC /* Assets.xcassets */ = {isa = PBXFileReference; lastKnownFileType = folder.assetcatalog; path = Assets.xcassets; sourceTree = "<group>"; };
		224ECB932544286B00EE8CEC /* Preview Assets.xcassets */ = {isa = PBXFileReference; lastKnownFileType = folder.assetcatalog; path = "Preview Assets.xcassets"; sourceTree = "<group>"; };
		224ECB952544286B00EE8CEC /* Info.plist */ = {isa = PBXFileReference; lastKnownFileType = text.plist.xml; path = Info.plist; sourceTree = "<group>"; };
		224ECB9D25442E5E00EE8CEC /* FlameTabView.swift */ = {isa = PBXFileReference; lastKnownFileType = sourcecode.swift; path = FlameTabView.swift; sourceTree = "<group>"; };
		224ECBA02544322800EE8CEC /* LeafTabView.swift */ = {isa = PBXFileReference; lastKnownFileType = sourcecode.swift; path = LeafTabView.swift; sourceTree = "<group>"; };
		224ECBA32544376600EE8CEC /* Flame.swift */ = {isa = PBXFileReference; lastKnownFileType = sourcecode.swift; path = Flame.swift; sourceTree = "<group>"; };
/* End PBXFileReference section */

/* Begin PBXFrameworksBuildPhase section */
		224ECB862544286A00EE8CEC /* Frameworks */ = {
			isa = PBXFrameworksBuildPhase;
			buildActionMask = 2147483647;
			files = (
			);
			runOnlyForDeploymentPostprocessing = 0;
		};
/* End PBXFrameworksBuildPhase section */

/* Begin PBXGroup section */
		224ECB802544286A00EE8CEC = {
			isa = PBXGroup;
			children = (
				224ECB8B2544286A00EE8CEC /* SwiftUI-EnvironmentObject-Learn */,
				224ECB8A2544286A00EE8CEC /* Products */,
			);
			sourceTree = "<group>";
		};
		224ECB8A2544286A00EE8CEC /* Products */ = {
			isa = PBXGroup;
			children = (
				224ECB892544286A00EE8CEC /* SwiftUI-EnvironmentObject-Learn.app */,
			);
			name = Products;
			sourceTree = "<group>";
		};
		224ECB8B2544286A00EE8CEC /* SwiftUI-EnvironmentObject-Learn */ = {
			isa = PBXGroup;
			children = (
				224ECB8C2544286A00EE8CEC /* SwiftUI_EnvironmentObject_LearnApp.swift */,
				224ECB8E2544286A00EE8CEC /* ContentView.swift */,
				224ECBA02544322800EE8CEC /* LeafTabView.swift */,
				224ECB9D25442E5E00EE8CEC /* FlameTabView.swift */,
				224ECBA32544376600EE8CEC /* Flame.swift */,
				224ECB902544286B00EE8CEC /* Assets.xcassets */,
				224ECB952544286B00EE8CEC /* Info.plist */,
				224ECB922544286B00EE8CEC /* Preview Content */,
			);
			path = "SwiftUI-EnvironmentObject-Learn";
			sourceTree = "<group>";
		};
		224ECB922544286B00EE8CEC /* Preview Content */ = {
			isa = PBXGroup;
			children = (
				224ECB932544286B00EE8CEC /* Preview Assets.xcassets */,
			);
			path = "Preview Content";
			sourceTree = "<group>";
		};
/* End PBXGroup section */

/* Begin PBXNativeTarget section */
		224ECB882544286A00EE8CEC /* SwiftUI-EnvironmentObject-Learn */ = {
			isa = PBXNativeTarget;
			buildConfigurationList = 224ECB982544286B00EE8CEC /* Build configuration list for PBXNativeTarget "SwiftUI-EnvironmentObject-Learn" */;
			buildPhases = (
				224ECB852544286A00EE8CEC /* Sources */,
				224ECB862544286A00EE8CEC /* Frameworks */,
				224ECB872544286A00EE8CEC /* Resources */,
			);
			buildRules = (
			);
			dependencies = (
			);
			name = "SwiftUI-EnvironmentObject-Learn";
			productName = "SwiftUI-EnvironmentObject-Learn";
			productReference = 224ECB892544286A00EE8CEC /* SwiftUI-EnvironmentObject-Learn.app */;
			productType = "com.apple.product-type.application";
		};
/* End PBXNativeTarget section */

/* Begin PBXProject section */
		224ECB812544286A00EE8CEC /* Project object */ = {
			isa = PBXProject;
			attributes = {
				LastSwiftUpdateCheck = 1210;
				LastUpgradeCheck = 1210;
				TargetAttributes = {
					224ECB882544286A00EE8CEC = {
						CreatedOnToolsVersion = 12.1;
					};
				};
			};
			buildConfigurationList = 224ECB842544286A00EE8CEC /* Build configuration list for PBXProject "SwiftUI-EnvironmentObject-Learn" */;
			compatibilityVersion = "Xcode 9.3";
			developmentRegion = en;
			hasScannedForEncodings = 0;
			knownRegions = (
				en,
				Base,
			);
			mainGroup = 224ECB802544286A00EE8CEC;
			productRefGroup = 224ECB8A2544286A00EE8CEC /* Products */;
			projectDirPath = "";
			projectRoot = "";
			targets = (
				224ECB882544286A00EE8CEC /* SwiftUI-EnvironmentObject-Learn */,
			);
		};
/* End PBXProject section */

/* Begin PBXResourcesBuildPhase section */
		224ECB872544286A00EE8CEC /* Resources */ = {
			isa = PBXResourcesBuildPhase;
			buildActionMask = 2147483647;
			files = (
				224ECB942544286B00EE8CEC /* Preview Assets.xcassets in Resources */,
				224ECB912544286B00EE8CEC /* Assets.xcassets in Resources */,
			);
			runOnlyForDeploymentPostprocessing = 0;
		};
/* End PBXResourcesBuildPhase section */

/* Begin PBXSourcesBuildPhase section */
		224ECB852544286A00EE8CEC /* Sources */ = {
			isa = PBXSourcesBuildPhase;
			buildActionMask = 2147483647;
			files = (
				224ECB9E25442E5E00EE8CEC /* FlameTabView.swift in Sources */,
				224ECB8F2544286A00EE8CEC /* ContentView.swift in Sources */,
				224ECBA42544376600EE8CEC /* Flame.swift in Sources */,
				224ECBA12544322800EE8CEC /* LeafTabView.swift in Sources */,
				224ECB8D2544286A00EE8CEC /* SwiftUI_EnvironmentObject_LearnApp.swift in Sources */,
			);
			runOnlyForDeploymentPostprocessing = 0;
		};
/* End PBXSourcesBuildPhase section */

/* Begin XCBuildConfiguration section */
		224ECB962544286B00EE8CEC /* Debug */ = {
			isa = XCBuildConfiguration;
			buildSettings = {
				ALWAYS_SEARCH_USER_PATHS = NO;
				CLANG_ANALYZER_NONNULL = YES;
				CLANG_ANALYZER_NUMBER_OBJECT_CONVERSION = YES_AGGRESSIVE;
				CLANG_CXX_LANGUAGE_STANDARD = "gnu++14";
				CLANG_CXX_LIBRARY = "libc++";
				CLANG_ENABLE_MODULES = YES;
				CLANG_ENABLE_OBJC_ARC = YES;
				CLANG_ENABLE_OBJC_WEAK = YES;
				CLANG_WARN_BLOCK_CAPTURE_AUTORELEASING = YES;
				CLANG_WARN_BOOL_CONVERSION = YES;
				CLANG_WARN_COMMA = YES;
				CLANG_WARN_CONSTANT_CONVERSION = YES;
				CLANG_WARN_DEPRECATED_OBJC_IMPLEMENTATIONS = YES;
				CLANG_WARN_DIRECT_OBJC_ISA_USAGE = YES_ERROR;
				CLANG_WARN_DOCUMENTATION_COMMENTS = YES;
				CLANG_WARN_EMPTY_BODY = YES;
				CLANG_WARN_ENUM_CONVERSION = YES;
				CLANG_WARN_INFINITE_RECURSION = YES;
				CLANG_WARN_INT_CONVERSION = YES;
				CLANG_WARN_NON_LITERAL_NULL_CONVERSION = YES;
				CLANG_WARN_OBJC_IMPLICIT_RETAIN_SELF = YES;
				CLANG_WARN_OBJC_LITERAL_CONVERSION = YES;
				CLANG_WARN_OBJC_ROOT_CLASS = YES_ERROR;
				CLANG_WARN_QUOTED_INCLUDE_IN_FRAMEWORK_HEADER = YES;
				CLANG_WARN_RANGE_LOOP_ANALYSIS = YES;
				CLANG_WARN_STRICT_PROTOTYPES = YES;
				CLANG_WARN_SUSPICIOUS_MOVE = YES;
				CLANG_WARN_UNGUARDED_AVAILABILITY = YES_AGGRESSIVE;
				CLANG_WARN_UNREACHABLE_CODE = YES;
				CLANG_WARN__DUPLICATE_METHOD_MATCH = YES;
				COPY_PHASE_STRIP = NO;
				DEBUG_INFORMATION_FORMAT = dwarf;
				ENABLE_STRICT_OBJC_MSGSEND = YES;
				ENABLE_TESTABILITY = YES;
				GCC_C_LANGUAGE_STANDARD = gnu11;
				GCC_DYNAMIC_NO_PIC = NO;
				GCC_NO_COMMON_BLOCKS = YES;
				GCC_OPTIMIZATION_LEVEL = 0;
				GCC_PREPROCESSOR_DEFINITIONS = (
					"DEBUG=1",
					"$(inherited)",
				);
				GCC_WARN_64_TO_32_BIT_CONVERSION = YES;
				GCC_WARN_ABOUT_RETURN_TYPE = YES_ERROR;
				GCC_WARN_UNDECLARED_SELECTOR = YES;
				GCC_WARN_UNINITIALIZED_AUTOS = YES_AGGRESSIVE;
				GCC_WARN_UNUSED_FUNCTION = YES;
				GCC_WARN_UNUSED_VARIABLE = YES;
				IPHONEOS_DEPLOYMENT_TARGET = 14.1;
				MTL_ENABLE_DEBUG_INFO = INCLUDE_SOURCE;
				MTL_FAST_MATH = YES;
				ONLY_ACTIVE_ARCH = YES;
				SDKROOT = iphoneos;
				SWIFT_ACTIVE_COMPILATION_CONDITIONS = DEBUG;
				SWIFT_OPTIMIZATION_LEVEL = "-Onone";
			};
			name = Debug;
		};
		224ECB972544286B00EE8CEC /* Release */ = {
			isa = XCBuildConfiguration;
			buildSettings = {
				ALWAYS_SEARCH_USER_PATHS = NO;
				CLANG_ANALYZER_NONNULL = YES;
				CLANG_ANALYZER_NUMBER_OBJECT_CONVERSION = YES_AGGRESSIVE;
				CLANG_CXX_LANGUAGE_STANDARD = "gnu++14";
				CLANG_CXX_LIBRARY = "libc++";
				CLANG_ENABLE_MODULES = YES;
				CLANG_ENABLE_OBJC_ARC = YES;
				CLANG_ENABLE_OBJC_WEAK = YES;
				CLANG_WARN_BLOCK_CAPTURE_AUTORELEASING = YES;
				CLANG_WARN_BOOL_CONVERSION = YES;
				CLANG_WARN_COMMA = YES;
				CLANG_WARN_CONSTANT_CONVERSION = YES;
				CLANG_WARN_DEPRECATED_OBJC_IMPLEMENTATIONS = YES;
				CLANG_WARN_DIRECT_OBJC_ISA_USAGE = YES_ERROR;
				CLANG_WARN_DOCUMENTATION_COMMENTS = YES;
				CLANG_WARN_EMPTY_BODY = YES;
				CLANG_WARN_ENUM_CONVERSION = YES;
				CLANG_WARN_INFINITE_RECURSION = YES;
				CLANG_WARN_INT_CONVERSION = YES;
				CLANG_WARN_NON_LITERAL_NULL_CONVERSION = YES;
				CLANG_WARN_OBJC_IMPLICIT_RETAIN_SELF = YES;
				CLANG_WARN_OBJC_LITERAL_CONVERSION = YES;
				CLANG_WARN_OBJC_ROOT_CLASS = YES_ERROR;
				CLANG_WARN_QUOTED_INCLUDE_IN_FRAMEWORK_HEADER = YES;
				CLANG_WARN_RANGE_LOOP_ANALYSIS = YES;
				CLANG_WARN_STRICT_PROTOTYPES = YES;
				CLANG_WARN_SUSPICIOUS_MOVE = YES;
				CLANG_WARN_UNGUARDED_AVAILABILITY = YES_AGGRESSIVE;
				CLANG_WARN_UNREACHABLE_CODE = YES;
				CLANG_WARN__DUPLICATE_METHOD_MATCH = YES;
				COPY_PHASE_STRIP = NO;
				DEBUG_INFORMATION_FORMAT = "dwarf-with-dsym";
				ENABLE_NS_ASSERTIONS = NO;
				ENABLE_STRICT_OBJC_MSGSEND = YES;
				GCC_C_LANGUAGE_STANDARD = gnu11;
				GCC_NO_COMMON_BLOCKS = YES;
				GCC_WARN_64_TO_32_BIT_CONVERSION = YES;
				GCC_WARN_ABOUT_RETURN_TYPE = YES_ERROR;
				GCC_WARN_UNDECLARED_SELECTOR = YES;
				GCC_WARN_UNINITIALIZED_AUTOS = YES_AGGRESSIVE;
				GCC_WARN_UNUSED_FUNCTION = YES;
				GCC_WARN_UNUSED_VARIABLE = YES;
				IPHONEOS_DEPLOYMENT_TARGET = 14.1;
				MTL_ENABLE_DEBUG_INFO = NO;
				MTL_FAST_MATH = YES;
				SDKROOT = iphoneos;
				SWIFT_COMPILATION_MODE = wholemodule;
				SWIFT_OPTIMIZATION_LEVEL = "-O";
				VALIDATE_PRODUCT = YES;
			};
			name = Release;
		};
		224ECB992544286B00EE8CEC /* Debug */ = {
			isa = XCBuildConfiguration;
			buildSettings = {
				ASSETCATALOG_COMPILER_APPICON_NAME = AppIcon;
				ASSETCATALOG_COMPILER_GLOBAL_ACCENT_COLOR_NAME = AccentColor;
				CODE_SIGN_STYLE = Automatic;
				DEVELOPMENT_ASSET_PATHS = "\"SwiftUI-EnvironmentObject-Learn/Preview Content\"";
				DEVELOPMENT_TEAM = R8LKHVDLVM;
				ENABLE_PREVIEWS = YES;
				INFOPLIST_FILE = "SwiftUI-EnvironmentObject-Learn/Info.plist";
				IPHONEOS_DEPLOYMENT_TARGET = 14.0;
				LD_RUNPATH_SEARCH_PATHS = (
					"$(inherited)",
					"@executable_path/Frameworks",
				);
				PRODUCT_BUNDLE_IDENTIFIER = "com.subha.SwiftUI-EnvironmentObject-Learn";
				PRODUCT_NAME = "$(TARGET_NAME)";
				SWIFT_VERSION = 5.0;
				TARGETED_DEVICE_FAMILY = "1,2";
			};
			name = Debug;
		};
		224ECB9A2544286B00EE8CEC /* Release */ = {
			isa = XCBuildConfiguration;
			buildSettings = {
				ASSETCATALOG_COMPILER_APPICON_NAME = AppIcon;
				ASSETCATALOG_COMPILER_GLOBAL_ACCENT_COLOR_NAME = AccentColor;
				CODE_SIGN_STYLE = Automatic;
				DEVELOPMENT_ASSET_PATHS = "\"SwiftUI-EnvironmentObject-Learn/Preview Content\"";
				DEVELOPMENT_TEAM = R8LKHVDLVM;
				ENABLE_PREVIEWS = YES;
				INFOPLIST_FILE = "SwiftUI-EnvironmentObject-Learn/Info.plist";
				IPHONEOS_DEPLOYMENT_TARGET = 14.0;
				LD_RUNPATH_SEARCH_PATHS = (
					"$(inherited)",
					"@executable_path/Frameworks",
				);
				PRODUCT_BUNDLE_IDENTIFIER = "com.subha.SwiftUI-EnvironmentObject-Learn";
				PRODUCT_NAME = "$(TARGET_NAME)";
				SWIFT_VERSION = 5.0;
				TARGETED_DEVICE_FAMILY = "1,2";
			};
			name = Release;
		};
/* End XCBuildConfiguration section */

/* Begin XCConfigurationList section */
		224ECB842544286A00EE8CEC /* Build configuration list for PBXProject "SwiftUI-EnvironmentObject-Learn" */ = {
			isa = XCConfigurationList;
			buildConfigurations = (
				224ECB962544286B00EE8CEC /* Debug */,
				224ECB972544286B00EE8CEC /* Release */,
			);
			defaultConfigurationIsVisible = 0;
			defaultConfigurationName = Release;
		};
		224ECB982544286B00EE8CEC /* Build configuration list for PBXNativeTarget "SwiftUI-EnvironmentObject-Learn" */ = {
			isa = XCConfigurationList;
			buildConfigurations = (
				224ECB992544286B00EE8CEC /* Debug */,
				224ECB9A2544286B00EE8CEC /* Release */,
			);
			defaultConfigurationIsVisible = 0;
			defaultConfigurationName = Release;
		};
/* End XCConfigurationList section */
	};
	rootObject = 224ECB812544286A00EE8CEC /* Project object */;
}
